Microsoft Visual Studio Solution File, Format Version 12.00
# Visual Studio Version 17
VisualStudioVersion = 17.2.32210.308
MinimumVisualStudioVersion = 15.0.26124.0

Project("{9A19103F-16F7-4668-BE54-9A1E7A4F7556}") = "VisualTSP", "VisualTSP\VisualTSP.csproj", "{7191D9DB-34EE-4019-A6F1-6AC13D2B1452}"
EndProject

Project("{2150E333-8FDC-42A3-9474-1A3956D46DE8}") = "Solution Items", "Solution Items", "{BADA71DC-7FFD-4EDC-9F28-FB74AEADC713}"
	ProjectSection(SolutionItems) = preProject
		.editorconfig = .editorconfig
		.vsconfig = .vsconfig
		Directory.Build.props = Directory.Build.props
		Directory.Build.targets = Directory.Build.targets
		global.json = global.json
	EndProjectSection
EndProject
Project("{FAE04EC0-301F-11D3-BF4B-00C04F79EFBC}") = "VisualTSP.Models", "VisualTSP.Models\VisualTSP.Models.csproj", "{4F679667-36F8-4182-B2CA-23D0460F405D}"
EndProject
Project("{FAE04EC0-301F-11D3-BF4B-00C04F79EFBC}") = "VisualTSP.Solvers", "VisualTSP.Solvers\VisualTSP.Solvers.csproj", "{EECD0D42-7BCC-459C-BBC9-18A0916C531B}"
EndProject
Project("{FAE04EC0-301F-11D3-BF4B-00C04F79EFBC}") = "VisualTSP.Solvers.Tests", "VisualTSP.Solvers.Tests\VisualTSP.Solvers.Tests.csproj", "{25F575B4-DF78-4D3D-B90B-B0EC25D44A28}"
EndProject
Project("{FAE04EC0-301F-11D3-BF4B-00C04F79EFBC}") = "VisualTSP.Serialisation", "VisualTSP.Serialisation\VisualTSP.Serialisation.csproj", "{C945B746-1209-4111-B054-AE1468CB742F}"
EndProject
Global
	GlobalSection(SolutionConfigurationPlatforms) = preSolution
		Debug|Any CPU = Debug|Any CPU
		Debug|ARM = Debug|ARM
		Debug|ARM64 = Debug|ARM64
		Debug|iPhone = Debug|iPhone
		Debug|iPhoneSimulator = Debug|iPhoneSimulator
		Debug|x64 = Debug|x64
		Debug|x86 = Debug|x86
		Release|Any CPU = Release|Any CPU
		Release|ARM = Release|ARM
		Release|ARM64 = Release|ARM64
		Release|iPhone = Release|iPhone
		Release|iPhoneSimulator = Release|iPhoneSimulator
		Release|x64 = Release|x64
		Release|x86 = Release|x86
	EndGlobalSection
	GlobalSection(ProjectConfigurationPlatforms) = postSolution
		{7191D9DB-34EE-4019-A6F1-6AC13D2B1452}.Debug|Any CPU.ActiveCfg = Debug|Any CPU
		{7191D9DB-34EE-4019-A6F1-6AC13D2B1452}.Debug|Any CPU.Build.0 = Debug|Any CPU
		{7191D9DB-34EE-4019-A6F1-6AC13D2B1452}.Debug|Any CPU.Deploy.0 = Debug|Any CPU
		{7191D9DB-34EE-4019-A6F1-6AC13D2B1452}.Debug|ARM.ActiveCfg = Debug|Any CPU
		{7191D9DB-34EE-4019-A6F1-6AC13D2B1452}.Debug|ARM.Build.0 = Debug|Any CPU
		{7191D9DB-34EE-4019-A6F1-6AC13D2B1452}.Debug|ARM.Deploy.0 = Debug|Any CPU
		{7191D9DB-34EE-4019-A6F1-6AC13D2B1452}.Debug|ARM64.ActiveCfg = Debug|Any CPU
		{7191D9DB-34EE-4019-A6F1-6AC13D2B1452}.Debug|ARM64.Build.0 = Debug|Any CPU
		{7191D9DB-34EE-4019-A6F1-6AC13D2B1452}.Debug|ARM64.Deploy.0 = Debug|Any CPU
		{7191D9DB-34EE-4019-A6F1-6AC13D2B1452}.Debug|iPhone.ActiveCfg = Debug|Any CPU
		{7191D9DB-34EE-4019-A6F1-6AC13D2B1452}.Debug|iPhone.Build.0 = Debug|Any CPU
		{7191D9DB-34EE-4019-A6F1-6AC13D2B1452}.Debug|iPhone.Deploy.0 = Debug|Any CPU
		{7191D9DB-34EE-4019-A6F1-6AC13D2B1452}.Debug|iPhoneSimulator.ActiveCfg = Debug|Any CPU
		{7191D9DB-34EE-4019-A6F1-6AC13D2B1452}.Debug|iPhoneSimulator.Build.0 = Debug|Any CPU
		{7191D9DB-34EE-4019-A6F1-6AC13D2B1452}.Debug|iPhoneSimulator.Deploy.0 = Debug|Any CPU
		{7191D9DB-34EE-4019-A6F1-6AC13D2B1452}.Debug|x64.ActiveCfg = Debug|Any CPU
		{7191D9DB-34EE-4019-A6F1-6AC13D2B1452}.Debug|x64.Build.0 = Debug|Any CPU
		{7191D9DB-34EE-4019-A6F1-6AC13D2B1452}.Debug|x64.Deploy.0 = Debug|Any CPU
		{7191D9DB-34EE-4019-A6F1-6AC13D2B1452}.Debug|x86.ActiveCfg = Debug|Any CPU
		{7191D9DB-34EE-4019-A6F1-6AC13D2B1452}.Debug|x86.Build.0 = Debug|Any CPU
		{7191D9DB-34EE-4019-A6F1-6AC13D2B1452}.Debug|x86.Deploy.0 = Debug|Any CPU
		{7191D9DB-34EE-4019-A6F1-6AC13D2B1452}.Release|Any CPU.ActiveCfg = Release|Any CPU
		{7191D9DB-34EE-4019-A6F1-6AC13D2B1452}.Release|Any CPU.Build.0 = Release|Any CPU
		{7191D9DB-34EE-4019-A6F1-6AC13D2B1452}.Release|Any CPU.Deploy.0 = Release|Any CPU
		{7191D9DB-34EE-4019-A6F1-6AC13D2B1452}.Release|ARM.ActiveCfg = Release|Any CPU
		{7191D9DB-34EE-4019-A6F1-6AC13D2B1452}.Release|ARM.Build.0 = Release|Any CPU
		{7191D9DB-34EE-4019-A6F1-6AC13D2B1452}.Release|ARM.Deploy.0 = Release|Any CPU
		{7191D9DB-34EE-4019-A6F1-6AC13D2B1452}.Release|ARM64.ActiveCfg = Release|Any CPU
		{7191D9DB-34EE-4019-A6F1-6AC13D2B1452}.Release|ARM64.Build.0 = Release|Any CPU
		{7191D9DB-34EE-4019-A6F1-6AC13D2B1452}.Release|ARM64.Deploy.0 = Release|Any CPU
		{7191D9DB-34EE-4019-A6F1-6AC13D2B1452}.Release|iPhone.ActiveCfg = Release|Any CPU
		{7191D9DB-34EE-4019-A6F1-6AC13D2B1452}.Release|iPhone.Build.0 = Release|Any CPU
		{7191D9DB-34EE-4019-A6F1-6AC13D2B1452}.Release|iPhone.Deploy.0 = Release|Any CPU
		{7191D9DB-34EE-4019-A6F1-6AC13D2B1452}.Release|iPhoneSimulator.ActiveCfg = Release|Any CPU
		{7191D9DB-34EE-4019-A6F1-6AC13D2B1452}.Release|iPhoneSimulator.Build.0 = Release|Any CPU
		{7191D9DB-34EE-4019-A6F1-6AC13D2B1452}.Release|iPhoneSimulator.Deploy.0 = Release|Any CPU
		{7191D9DB-34EE-4019-A6F1-6AC13D2B1452}.Release|x64.ActiveCfg = Release|Any CPU
		{7191D9DB-34EE-4019-A6F1-6AC13D2B1452}.Release|x64.Build.0 = Release|Any CPU
		{7191D9DB-34EE-4019-A6F1-6AC13D2B1452}.Release|x64.Deploy.0 = Release|Any CPU
		{7191D9DB-34EE-4019-A6F1-6AC13D2B1452}.Release|x86.ActiveCfg = Release|Any CPU
		{7191D9DB-34EE-4019-A6F1-6AC13D2B1452}.Release|x86.Build.0 = Release|Any CPU
		{7191D9DB-34EE-4019-A6F1-6AC13D2B1452}.Release|x86.Deploy.0 = Release|Any CPU
		{4F679667-36F8-4182-B2CA-23D0460F405D}.Debug|Any CPU.ActiveCfg = Debug|Any CPU
		{4F679667-36F8-4182-B2CA-23D0460F405D}.Debug|Any CPU.Build.0 = Debug|Any CPU
		{4F679667-36F8-4182-B2CA-23D0460F405D}.Debug|ARM.ActiveCfg = Debug|Any CPU
		{4F679667-36F8-4182-B2CA-23D0460F405D}.Debug|ARM.Build.0 = Debug|Any CPU
		{4F679667-36F8-4182-B2CA-23D0460F405D}.Debug|ARM64.ActiveCfg = Debug|Any CPU
		{4F679667-36F8-4182-B2CA-23D0460F405D}.Debug|ARM64.Build.0 = Debug|Any CPU
		{4F679667-36F8-4182-B2CA-23D0460F405D}.Debug|iPhone.ActiveCfg = Debug|Any CPU
		{4F679667-36F8-4182-B2CA-23D0460F405D}.Debug|iPhone.Build.0 = Debug|Any CPU
		{4F679667-36F8-4182-B2CA-23D0460F405D}.Debug|iPhoneSimulator.ActiveCfg = Debug|Any CPU
		{4F679667-36F8-4182-B2CA-23D0460F405D}.Debug|iPhoneSimulator.Build.0 = Debug|Any CPU
		{4F679667-36F8-4182-B2CA-23D0460F405D}.Debug|x64.ActiveCfg = Debug|Any CPU
		{4F679667-36F8-4182-B2CA-23D0460F405D}.Debug|x64.Build.0 = Debug|Any CPU
		{4F679667-36F8-4182-B2CA-23D0460F405D}.Debug|x86.ActiveCfg = Debug|Any CPU
		{4F679667-36F8-4182-B2CA-23D0460F405D}.Debug|x86.Build.0 = Debug|Any CPU
		{4F679667-36F8-4182-B2CA-23D0460F405D}.Release|Any CPU.ActiveCfg = Release|Any CPU
		{4F679667-36F8-4182-B2CA-23D0460F405D}.Release|Any CPU.Build.0 = Release|Any CPU
		{4F679667-36F8-4182-B2CA-23D0460F405D}.Release|ARM.ActiveCfg = Release|Any CPU
		{4F679667-36F8-4182-B2CA-23D0460F405D}.Release|ARM.Build.0 = Release|Any CPU
		{4F679667-36F8-4182-B2CA-23D0460F405D}.Release|ARM64.ActiveCfg = Release|Any CPU
		{4F679667-36F8-4182-B2CA-23D0460F405D}.Release|ARM64.Build.0 = Release|Any CPU
		{4F679667-36F8-4182-B2CA-23D0460F405D}.Release|iPhone.ActiveCfg = Release|Any CPU
		{4F679667-36F8-4182-B2CA-23D0460F405D}.Release|iPhone.Build.0 = Release|Any CPU
		{4F679667-36F8-4182-B2CA-23D0460F405D}.Release|iPhoneSimulator.ActiveCfg = Release|Any CPU
		{4F679667-36F8-4182-B2CA-23D0460F405D}.Release|iPhoneSimulator.Build.0 = Release|Any CPU
		{4F679667-36F8-4182-B2CA-23D0460F405D}.Release|x64.ActiveCfg = Release|Any CPU
		{4F679667-36F8-4182-B2CA-23D0460F405D}.Release|x64.Build.0 = Release|Any CPU
		{4F679667-36F8-4182-B2CA-23D0460F405D}.Release|x86.ActiveCfg = Release|Any CPU
		{4F679667-36F8-4182-B2CA-23D0460F405D}.Release|x86.Build.0 = Release|Any CPU
		{EECD0D42-7BCC-459C-BBC9-18A0916C531B}.Debug|Any CPU.ActiveCfg = Debug|Any CPU
		{EECD0D42-7BCC-459C-BBC9-18A0916C531B}.Debug|Any CPU.Build.0 = Debug|Any CPU
		{EECD0D42-7BCC-459C-BBC9-18A0916C531B}.Debug|ARM.ActiveCfg = Debug|Any CPU
		{EECD0D42-7BCC-459C-BBC9-18A0916C531B}.Debug|ARM.Build.0 = Debug|Any CPU
		{EECD0D42-7BCC-459C-BBC9-18A0916C531B}.Debug|ARM64.ActiveCfg = Debug|Any CPU
		{EECD0D42-7BCC-459C-BBC9-18A0916C531B}.Debug|ARM64.Build.0 = Debug|Any CPU
		{EECD0D42-7BCC-459C-BBC9-18A0916C531B}.Debug|iPhone.ActiveCfg = Debug|Any CPU
		{EECD0D42-7BCC-459C-BBC9-18A0916C531B}.Debug|iPhone.Build.0 = Debug|Any CPU
		{EECD0D42-7BCC-459C-BBC9-18A0916C531B}.Debug|iPhoneSimulator.ActiveCfg = Debug|Any CPU
		{EECD0D42-7BCC-459C-BBC9-18A0916C531B}.Debug|iPhoneSimulator.Build.0 = Debug|Any CPU
		{EECD0D42-7BCC-459C-BBC9-18A0916C531B}.Debug|x64.ActiveCfg = Debug|Any CPU
		{EECD0D42-7BCC-459C-BBC9-18A0916C531B}.Debug|x64.Build.0 = Debug|Any CPU
		{EECD0D42-7BCC-459C-BBC9-18A0916C531B}.Debug|x86.ActiveCfg = Debug|Any CPU
		{EECD0D42-7BCC-459C-BBC9-18A0916C531B}.Debug|x86.Build.0 = Debug|Any CPU
		{EECD0D42-7BCC-459C-BBC9-18A0916C531B}.Release|Any CPU.ActiveCfg = Release|Any CPU
		{EECD0D42-7BCC-459C-BBC9-18A0916C531B}.Release|Any CPU.Build.0 = Release|Any CPU
		{EECD0D42-7BCC-459C-BBC9-18A0916C531B}.Release|ARM.ActiveCfg = Release|Any CPU
		{EECD0D42-7BCC-459C-BBC9-18A0916C531B}.Release|ARM.Build.0 = Release|Any CPU
		{EECD0D42-7BCC-459C-BBC9-18A0916C531B}.Release|ARM64.ActiveCfg = Release|Any CPU
		{EECD0D42-7BCC-459C-BBC9-18A0916C531B}.Release|ARM64.Build.0 = Release|Any CPU
		{EECD0D42-7BCC-459C-BBC9-18A0916C531B}.Release|iPhone.ActiveCfg = Release|Any CPU
		{EECD0D42-7BCC-459C-BBC9-18A0916C531B}.Release|iPhone.Build.0 = Release|Any CPU
		{EECD0D42-7BCC-459C-BBC9-18A0916C531B}.Release|iPhoneSimulator.ActiveCfg = Release|Any CPU
		{EECD0D42-7BCC-459C-BBC9-18A0916C531B}.Release|iPhoneSimulator.Build.0 = Release|Any CPU
		{EECD0D42-7BCC-459C-BBC9-18A0916C531B}.Release|x64.ActiveCfg = Release|Any CPU
		{EECD0D42-7BCC-459C-BBC9-18A0916C531B}.Release|x64.Build.0 = Release|Any CPU
		{EECD0D42-7BCC-459C-BBC9-18A0916C531B}.Release|x86.ActiveCfg = Release|Any CPU
		{EECD0D42-7BCC-459C-BBC9-18A0916C531B}.Release|x86.Build.0 = Release|Any CPU
		{25F575B4-DF78-4D3D-B90B-B0EC25D44A28}.Debug|Any CPU.ActiveCfg = Debug|Any CPU
		{25F575B4-DF78-4D3D-B90B-B0EC25D44A28}.Debug|Any CPU.Build.0 = Debug|Any CPU
		{25F575B4-DF78-4D3D-B90B-B0EC25D44A28}.Debug|ARM.ActiveCfg = Debug|Any CPU
		{25F575B4-DF78-4D3D-B90B-B0EC25D44A28}.Debug|ARM.Build.0 = Debug|Any CPU
		{25F575B4-DF78-4D3D-B90B-B0EC25D44A28}.Debug|ARM64.ActiveCfg = Debug|Any CPU
		{25F575B4-DF78-4D3D-B90B-B0EC25D44A28}.Debug|ARM64.Build.0 = Debug|Any CPU
		{25F575B4-DF78-4D3D-B90B-B0EC25D44A28}.Debug|iPhone.ActiveCfg = Debug|Any CPU
		{25F575B4-DF78-4D3D-B90B-B0EC25D44A28}.Debug|iPhone.Build.0 = Debug|Any CPU
		{25F575B4-DF78-4D3D-B90B-B0EC25D44A28}.Debug|iPhoneSimulator.ActiveCfg = Debug|Any CPU
		{25F575B4-DF78-4D3D-B90B-B0EC25D44A28}.Debug|iPhoneSimulator.Build.0 = Debug|Any CPU
		{25F575B4-DF78-4D3D-B90B-B0EC25D44A28}.Debug|x64.ActiveCfg = Debug|Any CPU
		{25F575B4-DF78-4D3D-B90B-B0EC25D44A28}.Debug|x64.Build.0 = Debug|Any CPU
		{25F575B4-DF78-4D3D-B90B-B0EC25D44A28}.Debug|x86.ActiveCfg = Debug|Any CPU
		{25F575B4-DF78-4D3D-B90B-B0EC25D44A28}.Debug|x86.Build.0 = Debug|Any CPU
		{25F575B4-DF78-4D3D-B90B-B0EC25D44A28}.Release|Any CPU.ActiveCfg = Release|Any CPU
		{25F575B4-DF78-4D3D-B90B-B0EC25D44A28}.Release|Any CPU.Build.0 = Release|Any CPU
		{25F575B4-DF78-4D3D-B90B-B0EC25D44A28}.Release|ARM.ActiveCfg = Release|Any CPU
		{25F575B4-DF78-4D3D-B90B-B0EC25D44A28}.Release|ARM.Build.0 = Release|Any CPU
		{25F575B4-DF78-4D3D-B90B-B0EC25D44A28}.Release|ARM64.ActiveCfg = Release|Any CPU
		{25F575B4-DF78-4D3D-B90B-B0EC25D44A28}.Release|ARM64.Build.0 = Release|Any CPU
		{25F575B4-DF78-4D3D-B90B-B0EC25D44A28}.Release|iPhone.ActiveCfg = Release|Any CPU
		{25F575B4-DF78-4D3D-B90B-B0EC25D44A28}.Release|iPhone.Build.0 = Release|Any CPU
		{25F575B4-DF78-4D3D-B90B-B0EC25D44A28}.Release|iPhoneSimulator.ActiveCfg = Release|Any CPU
		{25F575B4-DF78-4D3D-B90B-B0EC25D44A28}.Release|iPhoneSimulator.Build.0 = Release|Any CPU
		{25F575B4-DF78-4D3D-B90B-B0EC25D44A28}.Release|x64.ActiveCfg = Release|Any CPU
		{25F575B4-DF78-4D3D-B90B-B0EC25D44A28}.Release|x64.Build.0 = Release|Any CPU
		{25F575B4-DF78-4D3D-B90B-B0EC25D44A28}.Release|x86.ActiveCfg = Release|Any CPU
		{25F575B4-DF78-4D3D-B90B-B0EC25D44A28}.Release|x86.Build.0 = Release|Any CPU
		{C945B746-1209-4111-B054-AE1468CB742F}.Debug|Any CPU.ActiveCfg = Debug|Any CPU
		{C945B746-1209-4111-B054-AE1468CB742F}.Debug|Any CPU.Build.0 = Debug|Any CPU
		{C945B746-1209-4111-B054-AE1468CB742F}.Debug|ARM.ActiveCfg = Debug|Any CPU
		{C945B746-1209-4111-B054-AE1468CB742F}.Debug|ARM.Build.0 = Debug|Any CPU
		{C945B746-1209-4111-B054-AE1468CB742F}.Debug|ARM64.ActiveCfg = Debug|Any CPU
		{C945B746-1209-4111-B054-AE1468CB742F}.Debug|ARM64.Build.0 = Debug|Any CPU
		{C945B746-1209-4111-B054-AE1468CB742F}.Debug|iPhone.ActiveCfg = Debug|Any CPU
		{C945B746-1209-4111-B054-AE1468CB742F}.Debug|iPhone.Build.0 = Debug|Any CPU
		{C945B746-1209-4111-B054-AE1468CB742F}.Debug|iPhoneSimulator.ActiveCfg = Debug|Any CPU
		{C945B746-1209-4111-B054-AE1468CB742F}.Debug|iPhoneSimulator.Build.0 = Debug|Any CPU
		{C945B746-1209-4111-B054-AE1468CB742F}.Debug|x64.ActiveCfg = Debug|Any CPU
		{C945B746-1209-4111-B054-AE1468CB742F}.Debug|x64.Build.0 = Debug|Any CPU
		{C945B746-1209-4111-B054-AE1468CB742F}.Debug|x86.ActiveCfg = Debug|Any CPU
		{C945B746-1209-4111-B054-AE1468CB742F}.Debug|x86.Build.0 = Debug|Any CPU
		{C945B746-1209-4111-B054-AE1468CB742F}.Release|Any CPU.ActiveCfg = Release|Any CPU
		{C945B746-1209-4111-B054-AE1468CB742F}.Release|Any CPU.Build.0 = Release|Any CPU
		{C945B746-1209-4111-B054-AE1468CB742F}.Release|ARM.ActiveCfg = Release|Any CPU
		{C945B746-1209-4111-B054-AE1468CB742F}.Release|ARM.Build.0 = Release|Any CPU
		{C945B746-1209-4111-B054-AE1468CB742F}.Release|ARM64.ActiveCfg = Release|Any CPU
		{C945B746-1209-4111-B054-AE1468CB742F}.Release|ARM64.Build.0 = Release|Any CPU
		{C945B746-1209-4111-B054-AE1468CB742F}.Release|iPhone.ActiveCfg = Release|Any CPU
		{C945B746-1209-4111-B054-AE1468CB742F}.Release|iPhone.Build.0 = Release|Any CPU
		{C945B746-1209-4111-B054-AE1468CB742F}.Release|iPhoneSimulator.ActiveCfg = Release|Any CPU
		{C945B746-1209-4111-B054-AE1468CB742F}.Release|iPhoneSimulator.Build.0 = Release|Any CPU
		{C945B746-1209-4111-B054-AE1468CB742F}.Release|x64.ActiveCfg = Release|Any CPU
		{C945B746-1209-4111-B054-AE1468CB742F}.Release|x64.Build.0 = Release|Any CPU
		{C945B746-1209-4111-B054-AE1468CB742F}.Release|x86.ActiveCfg = Release|Any CPU
		{C945B746-1209-4111-B054-AE1468CB742F}.Release|x86.Build.0 = Release|Any CPU
	EndGlobalSection
	GlobalSection(SolutionProperties) = preSolution
		HideSolutionNode = FALSE
	EndGlobalSection
	GlobalSection(NestedProjects) = preSolution
	EndGlobalSection
	GlobalSection(ExtensibilityGlobals) = postSolution
		SolutionGuid = {3050BCD0-0A60-4795-9046-16C78418B791}
	EndGlobalSection
EndGlobal
